
Microsoft Visual Studio Solution File, Format Version 12.00
# Visual Studio 15
VisualStudioVersion = 15.0.28307.1000
MinimumVisualStudioVersion = 10.0.40219.1
Project("{FAE04EC0-301F-11D3-BF4B-00C04F79EFBC}") = "RTech.Demo", "RTech.Demo\RTech.Demo.csproj", "{40174B5D-08AD-4328-AC1B-94706680A687}"
EndProject
Project("{2150E333-8FDC-42A3-9474-1A3956D46DE8}") = "UserManagement", "UserManagement", "{1623E400-4B34-4418-83FB-CB8BCA452165}"
EndProject
Project("{2150E333-8FDC-42A3-9474-1A3956D46DE8}") = "Repositories", "Repositories", "{80FAF70C-1306-40DF-AA01-03663F27299C}"
EndProject
Project("{FAE04EC0-301F-11D3-BF4B-00C04F79EFBC}") = "Riddhasoft.User.Entity", "RTech.Entity.User\Riddhasoft.User.Entity.csproj", "{10857039-6D51-4C0B-9BA7-B3B9928F1FE3}"
EndProject
Project("{FAE04EC0-301F-11D3-BF4B-00C04F79EFBC}") = "Riddhasoft.Services.User", "RTech.Services.User\Riddhasoft.Services.User.csproj", "{FBE8E9EA-ED9A-4B2D-9276-C154B52A14B3}"
EndProject
Project("{FAE04EC0-301F-11D3-BF4B-00C04F79EFBC}") = "Riddhasoft.Repository.User", "RTech.Repository.User\Riddhasoft.Repository.User.csproj", "{23A79DE4-AF60-45ED-B935-B703D9443523}"
EndProject
Project("{2150E333-8FDC-42A3-9474-1A3956D46DE8}") = "Libraries", "Libraries", "{FFAA9E09-3D5B-4562-A550-491BFFA41509}"
EndProject
Project("{FAE04EC0-301F-11D3-BF4B-00C04F79EFBC}") = "Riddhasoft.Lib.WebCore", "RTech.Lib.WebCore\Riddhasoft.Lib.WebCore.csproj", "{7FDF2EFF-5F56-43B1-83B5-87DF3905812E}"
EndProject
Project("{FAE04EC0-301F-11D3-BF4B-00C04F79EFBC}") = "Riddhasoft.Core.Repository", "RTech.Core.Repository\Riddhasoft.Core.Repository.csproj", "{9604FEC8-726A-4731-AFD2-0EE7A7DD5AEA}"
EndProject
Project("{FAE04EC0-301F-11D3-BF4B-00C04F79EFBC}") = "Riddhasoft.Application.Utility", "RTech.Application.Utility\Riddhasoft.Application.Utility.csproj", "{C0E4B4DC-242B-4853-85FA-41DD782AD551}"
EndProject
Project("{2150E333-8FDC-42A3-9474-1A3956D46DE8}") = "Common", "Common", "{67547347-3E02-492F-A9B1-20F8497E4EEF}"
EndProject
Project("{FAE04EC0-301F-11D3-BF4B-00C04F79EFBC}") = "Riddhasoft.Services.Common", "Riddhasoft.Services.Common\Riddhasoft.Services.Common.csproj", "{302EB62D-EB13-453E-A267-3ED06677E4B7}"
EndProject
Project("{2150E333-8FDC-42A3-9474-1A3956D46DE8}") = "OfficeSetup", "OfficeSetup", "{6215AA80-9B45-4E7F-9A2B-DC819DCD8825}"
EndProject
Project("{FAE04EC0-301F-11D3-BF4B-00C04F79EFBC}") = "Riddhasoft.OfficeSetup.Entities", "Riddhasoft.OfficeSetup.Entities\Riddhasoft.OfficeSetup.Entities.csproj", "{F01054A3-3157-4763-9DAA-B350FCA8F784}"
EndProject
Project("{FAE04EC0-301F-11D3-BF4B-00C04F79EFBC}") = "Riddhasoft.OfficeSetup.Services", "Riddhasoft.OfficeSetup.Services\Riddhasoft.OfficeSetup.Services.csproj", "{E45CD773-99B8-4D72-BD79-58189E1EB293}"
EndProject
Project("{2150E333-8FDC-42A3-9474-1A3956D46DE8}") = "Employee", "Employee", "{D4E0C530-210B-4995-9DB6-31014F289777}"
EndProject
Project("{FAE04EC0-301F-11D3-BF4B-00C04F79EFBC}") = "Riddhasoft.Employee.Entities", "Riddhasoft.Employee.Entities\Riddhasoft.Employee.Entities.csproj", "{83419054-271D-46B2-BF0B-668EE8186C87}"
EndProject
Project("{FAE04EC0-301F-11D3-BF4B-00C04F79EFBC}") = "Riddhasoft.Employee.Services", "Riddhasoft.Employee.Services\Riddhasoft.Employee.Services.csproj", "{68CC8ADE-5AA9-470C-B4A7-F91690FB38FE}"
EndProject
Project("{2150E333-8FDC-42A3-9474-1A3956D46DE8}") = "Reports", "Reports", "{3507B8CB-655B-45FD-9CA7-D98976B33E27}"
EndProject
Project("{FAE04EC0-301F-11D3-BF4B-00C04F79EFBC}") = "Riddhasoft.Report", "Riddhasoft.Report\Riddhasoft.Report.csproj", "{415EEC84-5525-4C83-B36A-25AE229FB894}"
EndProject
Project("{FAE04EC0-301F-11D3-BF4B-00C04F79EFBC}") = "Riddhasoft.Globals", "Riddhasoft.Globlas\Riddhasoft.Globals.csproj", "{28B966B6-E414-42A2-8173-327DFC9D4A59}"
EndProject
Project("{2150E333-8FDC-42A3-9474-1A3956D46DE8}") = "PayRoll", "PayRoll", "{E85FA346-61A2-4263-BB53-BD0CFFC59A89}"
EndProject
Project("{FAE04EC0-301F-11D3-BF4B-00C04F79EFBC}") = "Riddhasoft.PayRoll.Entities", "Riddhasoft.PayRoll.Entities\Riddhasoft.PayRoll.Entities.csproj", "{08710776-34F5-4669-BFC3-2D2632825697}"
EndProject
Project("{FAE04EC0-301F-11D3-BF4B-00C04F79EFBC}") = "Riddhasoft.PayRoll.Services", "Riddhasoft.PayRoll.Services\Riddhasoft.PayRoll.Services.csproj", "{AAE2EBFC-66FC-4A3E-85EF-2AB71C4BF0DE}"
EndProject
Project("{2150E333-8FDC-42A3-9474-1A3956D46DE8}") = "Attendance", "Attendance", "{E0ABE3A6-8102-43BD-8649-F1491407D8A4}"
EndProject
Project("{FAE04EC0-301F-11D3-BF4B-00C04F79EFBC}") = "Riddhasoft.Attendance.Entities", "Riddhasoft.Attendance.Entities\Riddhasoft.Attendance.Entities.csproj", "{EACAE529-7242-47D0-810D-A29A675DEBFA}"
EndProject
Project("{FAE04EC0-301F-11D3-BF4B-00C04F79EFBC}") = "Riddhasoft.Attendance.Services", "Riddhasoft.Attendance.Services\Riddhasoft.Attendance.Services.csproj", "{EC4BE94C-FBFB-4B48-B4FD-B90D2E956CE5}"
EndProject
Project("{2150E333-8FDC-42A3-9474-1A3956D46DE8}") = "Device", "Device", "{92606DC3-C935-40A3-BEBC-A51D30CD6C93}"
EndProject
Project("{FAE04EC0-301F-11D3-BF4B-00C04F79EFBC}") = "Riddhasoft.Device.Entities", "Riddhasoft.Device.Entities\Riddhasoft.Device.Entities.csproj", "{A6F81F57-548E-4733-A0A8-76F6303F08B6}"
EndProject
Project("{FAE04EC0-301F-11D3-BF4B-00C04F79EFBC}") = "Riddhasoft.Device.Services", "Riddhasoft.Device.Services\Riddhasoft.Device.Services.csproj", "{073D73DF-BBD5-4D93-A617-68EA81D3B82F}"
EndProject
Project("{2150E333-8FDC-42A3-9474-1A3956D46DE8}") = "Mobile", "Mobile", "{575D247C-6BC5-4EEA-8EEB-B2F1A8BF24CC}"
EndProject
Project("{FAE04EC0-301F-11D3-BF4B-00C04F79EFBC}") = "Riddhasoft.Employee.Mobile.Services", "Riddhasoft.Employee.Mobile.Services\Riddhasoft.Employee.Mobile.Services.csproj", "{C7911073-8C7E-4660-BC51-913722CFE595}"
EndProject
Project("{FAE04EC0-301F-11D3-BF4B-00C04F79EFBC}") = "Riddhasoft.Employee.Mobile.Entities", "Riddhasoft.Employee.Mobile.Entities\Riddhasoft.Employee.Mobile.Entities.csproj", "{BF43A36C-463C-4BC0-9247-7335A97D5D2D}"
EndProject
Project("{2150E333-8FDC-42A3-9474-1A3956D46DE8}") = "HRM", "HRM", "{95ECF8A7-CB62-408B-8CDB-D2EE5E57FCF6}"
EndProject
Project("{FAE04EC0-301F-11D3-BF4B-00C04F79EFBC}") = "Riddhasoft.HRM.Entities", "Riddhasoft.HRM.Entities\Riddhasoft.HRM.Entities.csproj", "{9217F2BD-B289-4C7F-9F73-A40684CC7E27}"
EndProject
Project("{FAE04EC0-301F-11D3-BF4B-00C04F79EFBC}") = "Riddhasoft.HRM.Services", "Riddhasoft.HRM.Services\Riddhasoft.HRM.Services.csproj", "{EE3B9A60-2188-4D89-9FC2-90FEF9DAC343}"
EndProject
Project("{FAE04EC0-301F-11D3-BF4B-00C04F79EFBC}") = "Riddhasoft.EHajiriPro.Desktop", "Riddhasoft.EHajiriPro.Desktop\Riddhasoft.EHajiriPro.Desktop.csproj", "{D2DAC3CE-5CDE-49CB-81EE-DF7250B09BDC}"
EndProject
Project("{FAE04EC0-301F-11D3-BF4B-00C04F79EFBC}") = "Riddhasoft.FingerKeeper.Extension", "Riddhasoft.EHajiriPro.Desktop\Riddhasoft.FingerKeeper.Extension\Riddhasoft.FingerKeeper.Extension.csproj", "{A18654E5-14E2-4CEC-A603-4C556831709A}"
EndProject
Project("{FAE04EC0-301F-11D3-BF4B-00C04F79EFBC}") = "RTech.Lib.ProductKey", "RTech.Lib.ProductKey\RTech.Lib.ProductKey.csproj", "{7C9BB020-C7B7-4E43-89F1-97A3D28674D2}"
EndProject
Project("{FAE04EC0-301F-11D3-BF4B-00C04F79EFBC}") = "UnitTestProject1", "UnitTestProject1\UnitTestProject1.csproj", "{0401AF16-5A33-42CD-9770-BD2DA038155F}"
EndProject
Global
	GlobalSection(SolutionConfigurationPlatforms) = preSolution
		Debug|Any CPU = Debug|Any CPU
		Release|Any CPU = Release|Any CPU
	EndGlobalSection
	GlobalSection(ProjectConfigurationPlatforms) = postSolution
		{40174B5D-08AD-4328-AC1B-94706680A687}.Debug|Any CPU.ActiveCfg = Debug|Any CPU
		{40174B5D-08AD-4328-AC1B-94706680A687}.Debug|Any CPU.Build.0 = Debug|Any CPU
		{40174B5D-08AD-4328-AC1B-94706680A687}.Release|Any CPU.ActiveCfg = Release|Any CPU
		{40174B5D-08AD-4328-AC1B-94706680A687}.Release|Any CPU.Build.0 = Release|Any CPU
		{10857039-6D51-4C0B-9BA7-B3B9928F1FE3}.Debug|Any CPU.ActiveCfg = Debug|Any CPU
		{10857039-6D51-4C0B-9BA7-B3B9928F1FE3}.Debug|Any CPU.Build.0 = Debug|Any CPU
		{10857039-6D51-4C0B-9BA7-B3B9928F1FE3}.Release|Any CPU.ActiveCfg = Release|Any CPU
		{10857039-6D51-4C0B-9BA7-B3B9928F1FE3}.Release|Any CPU.Build.0 = Release|Any CPU
		{FBE8E9EA-ED9A-4B2D-9276-C154B52A14B3}.Debug|Any CPU.ActiveCfg = Debug|Any CPU
		{FBE8E9EA-ED9A-4B2D-9276-C154B52A14B3}.Debug|Any CPU.Build.0 = Debug|Any CPU
		{FBE8E9EA-ED9A-4B2D-9276-C154B52A14B3}.Release|Any CPU.ActiveCfg = Release|Any CPU
		{FBE8E9EA-ED9A-4B2D-9276-C154B52A14B3}.Release|Any CPU.Build.0 = Release|Any CPU
		{23A79DE4-AF60-45ED-B935-B703D9443523}.Debug|Any CPU.ActiveCfg = Debug|Any CPU
		{23A79DE4-AF60-45ED-B935-B703D9443523}.Debug|Any CPU.Build.0 = Debug|Any CPU
		{23A79DE4-AF60-45ED-B935-B703D9443523}.Release|Any CPU.ActiveCfg = Release|Any CPU
		{23A79DE4-AF60-45ED-B935-B703D9443523}.Release|Any CPU.Build.0 = Release|Any CPU
		{7FDF2EFF-5F56-43B1-83B5-87DF3905812E}.Debug|Any CPU.ActiveCfg = Debug|Any CPU
		{7FDF2EFF-5F56-43B1-83B5-87DF3905812E}.Debug|Any CPU.Build.0 = Debug|Any CPU
		{7FDF2EFF-5F56-43B1-83B5-87DF3905812E}.Release|Any CPU.ActiveCfg = Release|Any CPU
		{7FDF2EFF-5F56-43B1-83B5-87DF3905812E}.Release|Any CPU.Build.0 = Release|Any CPU
		{9604FEC8-726A-4731-AFD2-0EE7A7DD5AEA}.Debug|Any CPU.ActiveCfg = Debug|Any CPU
		{9604FEC8-726A-4731-AFD2-0EE7A7DD5AEA}.Debug|Any CPU.Build.0 = Debug|Any CPU
		{9604FEC8-726A-4731-AFD2-0EE7A7DD5AEA}.Release|Any CPU.ActiveCfg = Release|Any CPU
		{9604FEC8-726A-4731-AFD2-0EE7A7DD5AEA}.Release|Any CPU.Build.0 = Release|Any CPU
		{C0E4B4DC-242B-4853-85FA-41DD782AD551}.Debug|Any CPU.ActiveCfg = Debug|Any CPU
		{C0E4B4DC-242B-4853-85FA-41DD782AD551}.Debug|Any CPU.Build.0 = Debug|Any CPU
		{C0E4B4DC-242B-4853-85FA-41DD782AD551}.Debug|Any CPU.Deploy.0 = Debug|Any CPU
		{C0E4B4DC-242B-4853-85FA-41DD782AD551}.Release|Any CPU.ActiveCfg = Release|Any CPU
		{C0E4B4DC-242B-4853-85FA-41DD782AD551}.Release|Any CPU.Build.0 = Release|Any CPU
		{302EB62D-EB13-453E-A267-3ED06677E4B7}.Debug|Any CPU.ActiveCfg = Debug|Any CPU
		{302EB62D-EB13-453E-A267-3ED06677E4B7}.Debug|Any CPU.Build.0 = Debug|Any CPU
		{302EB62D-EB13-453E-A267-3ED06677E4B7}.Release|Any CPU.ActiveCfg = Release|Any CPU
		{302EB62D-EB13-453E-A267-3ED06677E4B7}.Release|Any CPU.Build.0 = Release|Any CPU
		{F01054A3-3157-4763-9DAA-B350FCA8F784}.Debug|Any CPU.ActiveCfg = Debug|Any CPU
		{F01054A3-3157-4763-9DAA-B350FCA8F784}.Debug|Any CPU.Build.0 = Debug|Any CPU
		{F01054A3-3157-4763-9DAA-B350FCA8F784}.Release|Any CPU.ActiveCfg = Release|Any CPU
		{F01054A3-3157-4763-9DAA-B350FCA8F784}.Release|Any CPU.Build.0 = Release|Any CPU
		{E45CD773-99B8-4D72-BD79-58189E1EB293}.Debug|Any CPU.ActiveCfg = Debug|Any CPU
		{E45CD773-99B8-4D72-BD79-58189E1EB293}.Debug|Any CPU.Build.0 = Debug|Any CPU
		{E45CD773-99B8-4D72-BD79-58189E1EB293}.Release|Any CPU.ActiveCfg = Release|Any CPU
		{E45CD773-99B8-4D72-BD79-58189E1EB293}.Release|Any CPU.Build.0 = Release|Any CPU
		{83419054-271D-46B2-BF0B-668EE8186C87}.Debug|Any CPU.ActiveCfg = Debug|Any CPU
		{83419054-271D-46B2-BF0B-668EE8186C87}.Debug|Any CPU.Build.0 = Debug|Any CPU
		{83419054-271D-46B2-BF0B-668EE8186C87}.Release|Any CPU.ActiveCfg = Release|Any CPU
		{83419054-271D-46B2-BF0B-668EE8186C87}.Release|Any CPU.Build.0 = Release|Any CPU
		{68CC8ADE-5AA9-470C-B4A7-F91690FB38FE}.Debug|Any CPU.ActiveCfg = Debug|Any CPU
		{68CC8ADE-5AA9-470C-B4A7-F91690FB38FE}.Debug|Any CPU.Build.0 = Debug|Any CPU
		{68CC8ADE-5AA9-470C-B4A7-F91690FB38FE}.Release|Any CPU.ActiveCfg = Release|Any CPU
		{68CC8ADE-5AA9-470C-B4A7-F91690FB38FE}.Release|Any CPU.Build.0 = Release|Any CPU
		{415EEC84-5525-4C83-B36A-25AE229FB894}.Debug|Any CPU.ActiveCfg = Debug|Any CPU
		{415EEC84-5525-4C83-B36A-25AE229FB894}.Debug|Any CPU.Build.0 = Debug|Any CPU
		{415EEC84-5525-4C83-B36A-25AE229FB894}.Release|Any CPU.ActiveCfg = Release|Any CPU
		{415EEC84-5525-4C83-B36A-25AE229FB894}.Release|Any CPU.Build.0 = Release|Any CPU
		{28B966B6-E414-42A2-8173-327DFC9D4A59}.Debug|Any CPU.ActiveCfg = Debug|Any CPU
		{28B966B6-E414-42A2-8173-327DFC9D4A59}.Debug|Any CPU.Build.0 = Debug|Any CPU
		{28B966B6-E414-42A2-8173-327DFC9D4A59}.Release|Any CPU.ActiveCfg = Release|Any CPU
		{28B966B6-E414-42A2-8173-327DFC9D4A59}.Release|Any CPU.Build.0 = Release|Any CPU
		{08710776-34F5-4669-BFC3-2D2632825697}.Debug|Any CPU.ActiveCfg = Debug|Any CPU
		{08710776-34F5-4669-BFC3-2D2632825697}.Debug|Any CPU.Build.0 = Debug|Any CPU
		{08710776-34F5-4669-BFC3-2D2632825697}.Release|Any CPU.ActiveCfg = Release|Any CPU
		{08710776-34F5-4669-BFC3-2D2632825697}.Release|Any CPU.Build.0 = Release|Any CPU
		{AAE2EBFC-66FC-4A3E-85EF-2AB71C4BF0DE}.Debug|Any CPU.ActiveCfg = Debug|Any CPU
		{AAE2EBFC-66FC-4A3E-85EF-2AB71C4BF0DE}.Debug|Any CPU.Build.0 = Debug|Any CPU
		{AAE2EBFC-66FC-4A3E-85EF-2AB71C4BF0DE}.Release|Any CPU.ActiveCfg = Release|Any CPU
		{AAE2EBFC-66FC-4A3E-85EF-2AB71C4BF0DE}.Release|Any CPU.Build.0 = Release|Any CPU
		{EACAE529-7242-47D0-810D-A29A675DEBFA}.Debug|Any CPU.ActiveCfg = Debug|Any CPU
		{EACAE529-7242-47D0-810D-A29A675DEBFA}.Debug|Any CPU.Build.0 = Debug|Any CPU
		{EACAE529-7242-47D0-810D-A29A675DEBFA}.Release|Any CPU.ActiveCfg = Release|Any CPU
		{EACAE529-7242-47D0-810D-A29A675DEBFA}.Release|Any CPU.Build.0 = Release|Any CPU
		{EC4BE94C-FBFB-4B48-B4FD-B90D2E956CE5}.Debug|Any CPU.ActiveCfg = Debug|Any CPU
		{EC4BE94C-FBFB-4B48-B4FD-B90D2E956CE5}.Debug|Any CPU.Build.0 = Debug|Any CPU
		{EC4BE94C-FBFB-4B48-B4FD-B90D2E956CE5}.Release|Any CPU.ActiveCfg = Release|Any CPU
		{EC4BE94C-FBFB-4B48-B4FD-B90D2E956CE5}.Release|Any CPU.Build.0 = Release|Any CPU
		{A6F81F57-548E-4733-A0A8-76F6303F08B6}.Debug|Any CPU.ActiveCfg = Debug|Any CPU
		{A6F81F57-548E-4733-A0A8-76F6303F08B6}.Debug|Any CPU.Build.0 = Debug|Any CPU
		{A6F81F57-548E-4733-A0A8-76F6303F08B6}.Release|Any CPU.ActiveCfg = Release|Any CPU
		{A6F81F57-548E-4733-A0A8-76F6303F08B6}.Release|Any CPU.Build.0 = Release|Any CPU
		{073D73DF-BBD5-4D93-A617-68EA81D3B82F}.Debug|Any CPU.ActiveCfg = Debug|Any CPU
		{073D73DF-BBD5-4D93-A617-68EA81D3B82F}.Debug|Any CPU.Build.0 = Debug|Any CPU
		{073D73DF-BBD5-4D93-A617-68EA81D3B82F}.Release|Any CPU.ActiveCfg = Release|Any CPU
		{073D73DF-BBD5-4D93-A617-68EA81D3B82F}.Release|Any CPU.Build.0 = Release|Any CPU
		{C7911073-8C7E-4660-BC51-913722CFE595}.Debug|Any CPU.ActiveCfg = Debug|Any CPU
		{C7911073-8C7E-4660-BC51-913722CFE595}.Debug|Any CPU.Build.0 = Debug|Any CPU
		{C7911073-8C7E-4660-BC51-913722CFE595}.Release|Any CPU.ActiveCfg = Release|Any CPU
		{C7911073-8C7E-4660-BC51-913722CFE595}.Release|Any CPU.Build.0 = Release|Any CPU
		{BF43A36C-463C-4BC0-9247-7335A97D5D2D}.Debug|Any CPU.ActiveCfg = Debug|Any CPU
		{BF43A36C-463C-4BC0-9247-7335A97D5D2D}.Debug|Any CPU.Build.0 = Debug|Any CPU
		{BF43A36C-463C-4BC0-9247-7335A97D5D2D}.Release|Any CPU.ActiveCfg = Release|Any CPU
		{BF43A36C-463C-4BC0-9247-7335A97D5D2D}.Release|Any CPU.Build.0 = Release|Any CPU
		{9217F2BD-B289-4C7F-9F73-A40684CC7E27}.Debug|Any CPU.ActiveCfg = Debug|Any CPU
		{9217F2BD-B289-4C7F-9F73-A40684CC7E27}.Debug|Any CPU.Build.0 = Debug|Any CPU
		{9217F2BD-B289-4C7F-9F73-A40684CC7E27}.Release|Any CPU.ActiveCfg = Release|Any CPU
		{9217F2BD-B289-4C7F-9F73-A40684CC7E27}.Release|Any CPU.Build.0 = Release|Any CPU
		{EE3B9A60-2188-4D89-9FC2-90FEF9DAC343}.Debug|Any CPU.ActiveCfg = Debug|Any CPU
		{EE3B9A60-2188-4D89-9FC2-90FEF9DAC343}.Debug|Any CPU.Build.0 = Debug|Any CPU
		{EE3B9A60-2188-4D89-9FC2-90FEF9DAC343}.Release|Any CPU.ActiveCfg = Release|Any CPU
		{EE3B9A60-2188-4D89-9FC2-90FEF9DAC343}.Release|Any CPU.Build.0 = Release|Any CPU
		{D2DAC3CE-5CDE-49CB-81EE-DF7250B09BDC}.Debug|Any CPU.ActiveCfg = Debug|Any CPU
		{D2DAC3CE-5CDE-49CB-81EE-DF7250B09BDC}.Debug|Any CPU.Build.0 = Debug|Any CPU
		{D2DAC3CE-5CDE-49CB-81EE-DF7250B09BDC}.Release|Any CPU.ActiveCfg = Release|Any CPU
		{D2DAC3CE-5CDE-49CB-81EE-DF7250B09BDC}.Release|Any CPU.Build.0 = Release|Any CPU
		{A18654E5-14E2-4CEC-A603-4C556831709A}.Debug|Any CPU.ActiveCfg = Debug|Any CPU
		{A18654E5-14E2-4CEC-A603-4C556831709A}.Debug|Any CPU.Build.0 = Debug|Any CPU
		{A18654E5-14E2-4CEC-A603-4C556831709A}.Release|Any CPU.ActiveCfg = Release|Any CPU
		{A18654E5-14E2-4CEC-A603-4C556831709A}.Release|Any CPU.Build.0 = Release|Any CPU
		{7C9BB020-C7B7-4E43-89F1-97A3D28674D2}.Debug|Any CPU.ActiveCfg = Debug|Any CPU
		{7C9BB020-C7B7-4E43-89F1-97A3D28674D2}.Debug|Any CPU.Build.0 = Debug|Any CPU
		{7C9BB020-C7B7-4E43-89F1-97A3D28674D2}.Release|Any CPU.ActiveCfg = Release|Any CPU
		{7C9BB020-C7B7-4E43-89F1-97A3D28674D2}.Release|Any CPU.Build.0 = Release|Any CPU
		{0401AF16-5A33-42CD-9770-BD2DA038155F}.Debug|Any CPU.ActiveCfg = Debug|Any CPU
		{0401AF16-5A33-42CD-9770-BD2DA038155F}.Debug|Any CPU.Build.0 = Debug|Any CPU
		{0401AF16-5A33-42CD-9770-BD2DA038155F}.Release|Any CPU.ActiveCfg = Release|Any CPU
		{0401AF16-5A33-42CD-9770-BD2DA038155F}.Release|Any CPU.Build.0 = Release|Any CPU
	EndGlobalSection
	GlobalSection(SolutionProperties) = preSolution
		HideSolutionNode = FALSE
	EndGlobalSection
	GlobalSection(NestedProjects) = preSolution
		{10857039-6D51-4C0B-9BA7-B3B9928F1FE3} = {1623E400-4B34-4418-83FB-CB8BCA452165}
		{FBE8E9EA-ED9A-4B2D-9276-C154B52A14B3} = {1623E400-4B34-4418-83FB-CB8BCA452165}
		{23A79DE4-AF60-45ED-B935-B703D9443523} = {1623E400-4B34-4418-83FB-CB8BCA452165}
		{7FDF2EFF-5F56-43B1-83B5-87DF3905812E} = {FFAA9E09-3D5B-4562-A550-491BFFA41509}
		{9604FEC8-726A-4731-AFD2-0EE7A7DD5AEA} = {80FAF70C-1306-40DF-AA01-03663F27299C}
		{C0E4B4DC-242B-4853-85FA-41DD782AD551} = {FFAA9E09-3D5B-4562-A550-491BFFA41509}
		{302EB62D-EB13-453E-A267-3ED06677E4B7} = {67547347-3E02-492F-A9B1-20F8497E4EEF}
		{F01054A3-3157-4763-9DAA-B350FCA8F784} = {6215AA80-9B45-4E7F-9A2B-DC819DCD8825}
		{E45CD773-99B8-4D72-BD79-58189E1EB293} = {6215AA80-9B45-4E7F-9A2B-DC819DCD8825}
		{83419054-271D-46B2-BF0B-668EE8186C87} = {D4E0C530-210B-4995-9DB6-31014F289777}
		{68CC8ADE-5AA9-470C-B4A7-F91690FB38FE} = {D4E0C530-210B-4995-9DB6-31014F289777}
		{415EEC84-5525-4C83-B36A-25AE229FB894} = {3507B8CB-655B-45FD-9CA7-D98976B33E27}
		{08710776-34F5-4669-BFC3-2D2632825697} = {E85FA346-61A2-4263-BB53-BD0CFFC59A89}
		{AAE2EBFC-66FC-4A3E-85EF-2AB71C4BF0DE} = {E85FA346-61A2-4263-BB53-BD0CFFC59A89}
		{EACAE529-7242-47D0-810D-A29A675DEBFA} = {E0ABE3A6-8102-43BD-8649-F1491407D8A4}
		{EC4BE94C-FBFB-4B48-B4FD-B90D2E956CE5} = {E0ABE3A6-8102-43BD-8649-F1491407D8A4}
		{A6F81F57-548E-4733-A0A8-76F6303F08B6} = {92606DC3-C935-40A3-BEBC-A51D30CD6C93}
		{073D73DF-BBD5-4D93-A617-68EA81D3B82F} = {92606DC3-C935-40A3-BEBC-A51D30CD6C93}
		{C7911073-8C7E-4660-BC51-913722CFE595} = {575D247C-6BC5-4EEA-8EEB-B2F1A8BF24CC}
		{BF43A36C-463C-4BC0-9247-7335A97D5D2D} = {575D247C-6BC5-4EEA-8EEB-B2F1A8BF24CC}
		{9217F2BD-B289-4C7F-9F73-A40684CC7E27} = {95ECF8A7-CB62-408B-8CDB-D2EE5E57FCF6}
		{EE3B9A60-2188-4D89-9FC2-90FEF9DAC343} = {95ECF8A7-CB62-408B-8CDB-D2EE5E57FCF6}
	EndGlobalSection
	GlobalSection(ExtensibilityGlobals) = postSolution
		SolutionGuid = {DD4ABC3A-9D51-4F95-8565-9615E0B30183}
	EndGlobalSection
EndGlobal
